
Microsoft Visual Studio Solution File, Format Version 12.00
# Visual Studio 14
VisualStudioVersion = 14.0.25420.1
MinimumVisualStudioVersion = 10.0.40219.1
Project("{FAE04EC0-301F-11D3-BF4B-00C04F79EFBC}") = "TOCKA", "TOCKA\TOCKA\TOCKA.csproj", "{56F7DD25-54F2-4086-BF2D-D769B15871BD}"
EndProject
Project("{FAE04EC0-301F-11D3-BF4B-00C04F79EFBC}") = "TOCKA.Droid", "TOCKA\TOCKA.Droid\TOCKA.Droid.csproj", "{2A397D74-1559-4268-AD42-98467744A480}"
EndProject
Global
	GlobalSection(SolutionConfigurationPlatforms) = preSolution
		Ad-Hoc|Any CPU = Ad-Hoc|Any CPU
		Ad-Hoc|ARM = Ad-Hoc|ARM
		Ad-Hoc|iPhone = Ad-Hoc|iPhone
		Ad-Hoc|iPhoneSimulator = Ad-Hoc|iPhoneSimulator
		Ad-Hoc|x64 = Ad-Hoc|x64
		Ad-Hoc|x86 = Ad-Hoc|x86
		AppStore|Any CPU = AppStore|Any CPU
		AppStore|ARM = AppStore|ARM
		AppStore|iPhone = AppStore|iPhone
		AppStore|iPhoneSimulator = AppStore|iPhoneSimulator
		AppStore|x64 = AppStore|x64
		AppStore|x86 = AppStore|x86
		Debug|Any CPU = Debug|Any CPU
		Debug|ARM = Debug|ARM
		Debug|iPhone = Debug|iPhone
		Debug|iPhoneSimulator = Debug|iPhoneSimulator
		Debug|x64 = Debug|x64
		Debug|x86 = Debug|x86
		Release|Any CPU = Release|Any CPU
		Release|ARM = Release|ARM
		Release|iPhone = Release|iPhone
		Release|iPhoneSimulator = Release|iPhoneSimulator
		Release|x64 = Release|x64
		Release|x86 = Release|x86
	EndGlobalSection
	GlobalSection(ProjectConfigurationPlatforms) = postSolution
		{56F7DD25-54F2-4086-BF2D-D769B15871BD}.Ad-Hoc|Any CPU.ActiveCfg = Release|Any CPU
		{56F7DD25-54F2-4086-BF2D-D769B15871BD}.Ad-Hoc|Any CPU.Build.0 = Release|Any CPU
		{56F7DD25-54F2-4086-BF2D-D769B15871BD}.Ad-Hoc|ARM.ActiveCfg = Release|Any CPU
		{56F7DD25-54F2-4086-BF2D-D769B15871BD}.Ad-Hoc|ARM.Build.0 = Release|Any CPU
		{56F7DD25-54F2-4086-BF2D-D769B15871BD}.Ad-Hoc|iPhone.ActiveCfg = Release|Any CPU
		{56F7DD25-54F2-4086-BF2D-D769B15871BD}.Ad-Hoc|iPhone.Build.0 = Release|Any CPU
		{56F7DD25-54F2-4086-BF2D-D769B15871BD}.Ad-Hoc|iPhoneSimulator.ActiveCfg = Release|Any CPU
		{56F7DD25-54F2-4086-BF2D-D769B15871BD}.Ad-Hoc|iPhoneSimulator.Build.0 = Release|Any CPU
		{56F7DD25-54F2-4086-BF2D-D769B15871BD}.Ad-Hoc|x64.ActiveCfg = Release|Any CPU
		{56F7DD25-54F2-4086-BF2D-D769B15871BD}.Ad-Hoc|x64.Build.0 = Release|Any CPU
		{56F7DD25-54F2-4086-BF2D-D769B15871BD}.Ad-Hoc|x86.ActiveCfg = Release|Any CPU
		{56F7DD25-54F2-4086-BF2D-D769B15871BD}.Ad-Hoc|x86.Build.0 = Release|Any CPU
		{56F7DD25-54F2-4086-BF2D-D769B15871BD}.AppStore|Any CPU.ActiveCfg = Release|Any CPU
		{56F7DD25-54F2-4086-BF2D-D769B15871BD}.AppStore|Any CPU.Build.0 = Release|Any CPU
		{56F7DD25-54F2-4086-BF2D-D769B15871BD}.AppStore|ARM.ActiveCfg = Release|Any CPU
		{56F7DD25-54F2-4086-BF2D-D769B15871BD}.AppStore|ARM.Build.0 = Release|Any CPU
		{56F7DD25-54F2-4086-BF2D-D769B15871BD}.AppStore|iPhone.ActiveCfg = Release|Any CPU
		{56F7DD25-54F2-4086-BF2D-D769B15871BD}.AppStore|iPhone.Build.0 = Release|Any CPU
		{56F7DD25-54F2-4086-BF2D-D769B15871BD}.AppStore|iPhoneSimulator.ActiveCfg = Release|Any CPU
		{56F7DD25-54F2-4086-BF2D-D769B15871BD}.AppStore|iPhoneSimulator.Build.0 = Release|Any CPU
		{56F7DD25-54F2-4086-BF2D-D769B15871BD}.AppStore|x64.ActiveCfg = Release|Any CPU
		{56F7DD25-54F2-4086-BF2D-D769B15871BD}.AppStore|x64.Build.0 = Release|Any CPU
		{56F7DD25-54F2-4086-BF2D-D769B15871BD}.AppStore|x86.ActiveCfg = Release|Any CPU
		{56F7DD25-54F2-4086-BF2D-D769B15871BD}.AppStore|x86.Build.0 = Release|Any CPU
		{56F7DD25-54F2-4086-BF2D-D769B15871BD}.Debug|Any CPU.ActiveCfg = Debug|Any CPU
		{56F7DD25-54F2-4086-BF2D-D769B15871BD}.Debug|Any CPU.Build.0 = Debug|Any CPU
		{56F7DD25-54F2-4086-BF2D-D769B15871BD}.Debug|ARM.ActiveCfg = Debug|Any CPU
		{56F7DD25-54F2-4086-BF2D-D769B15871BD}.Debug|ARM.Build.0 = Debug|Any CPU
		{56F7DD25-54F2-4086-BF2D-D769B15871BD}.Debug|iPhone.ActiveCfg = Debug|Any CPU
		{56F7DD25-54F2-4086-BF2D-D769B15871BD}.Debug|iPhone.Build.0 = Debug|Any CPU
		{56F7DD25-54F2-4086-BF2D-D769B15871BD}.Debug|iPhoneSimulator.ActiveCfg = Debug|Any CPU
		{56F7DD25-54F2-4086-BF2D-D769B15871BD}.Debug|iPhoneSimulator.Build.0 = Debug|Any CPU
		{56F7DD25-54F2-4086-BF2D-D769B15871BD}.Debug|x64.ActiveCfg = Debug|Any CPU
		{56F7DD25-54F2-4086-BF2D-D769B15871BD}.Debug|x64.Build.0 = Debug|Any CPU
		{56F7DD25-54F2-4086-BF2D-D769B15871BD}.Debug|x86.ActiveCfg = Debug|Any CPU
		{56F7DD25-54F2-4086-BF2D-D769B15871BD}.Debug|x86.Build.0 = Debug|Any CPU
		{56F7DD25-54F2-4086-BF2D-D769B15871BD}.Release|Any CPU.ActiveCfg = Release|Any CPU
		{56F7DD25-54F2-4086-BF2D-D769B15871BD}.Release|Any CPU.Build.0 = Release|Any CPU
		{56F7DD25-54F2-4086-BF2D-D769B15871BD}.Release|ARM.ActiveCfg = Release|Any CPU
		{56F7DD25-54F2-4086-BF2D-D769B15871BD}.Release|ARM.Build.0 = Release|Any CPU
		{56F7DD25-54F2-4086-BF2D-D769B15871BD}.Release|iPhone.ActiveCfg = Release|Any CPU
		{56F7DD25-54F2-4086-BF2D-D769B15871BD}.Release|iPhone.Build.0 = Release|Any CPU
		{56F7DD25-54F2-4086-BF2D-D769B15871BD}.Release|iPhoneSimulator.ActiveCfg = Release|Any CPU
		{56F7DD25-54F2-4086-BF2D-D769B15871BD}.Release|iPhoneSimulator.Build.0 = Release|Any CPU
		{56F7DD25-54F2-4086-BF2D-D769B15871BD}.Release|x64.ActiveCfg = Release|Any CPU
		{56F7DD25-54F2-4086-BF2D-D769B15871BD}.Release|x64.Build.0 = Release|Any CPU
		{56F7DD25-54F2-4086-BF2D-D769B15871BD}.Release|x86.ActiveCfg = Release|Any CPU
		{56F7DD25-54F2-4086-BF2D-D769B15871BD}.Release|x86.Build.0 = Release|Any CPU
		{2A397D74-1559-4268-AD42-98467744A480}.Ad-Hoc|Any CPU.ActiveCfg = Release|Any CPU
		{2A397D74-1559-4268-AD42-98467744A480}.Ad-Hoc|Any CPU.Build.0 = Release|Any CPU
		{2A397D74-1559-4268-AD42-98467744A480}.Ad-Hoc|Any CPU.Deploy.0 = Release|Any CPU
		{2A397D74-1559-4268-AD42-98467744A480}.Ad-Hoc|ARM.ActiveCfg = Release|Any CPU
		{2A397D74-1559-4268-AD42-98467744A480}.Ad-Hoc|ARM.Build.0 = Release|Any CPU
		{2A397D74-1559-4268-AD42-98467744A480}.Ad-Hoc|ARM.Deploy.0 = Release|Any CPU
		{2A397D74-1559-4268-AD42-98467744A480}.Ad-Hoc|iPhone.ActiveCfg = Release|Any CPU
		{2A397D74-1559-4268-AD42-98467744A480}.Ad-Hoc|iPhone.Build.0 = Release|Any CPU
		{2A397D74-1559-4268-AD42-98467744A480}.Ad-Hoc|iPhone.Deploy.0 = Release|Any CPU
		{2A397D74-1559-4268-AD42-98467744A480}.Ad-Hoc|iPhoneSimulator.ActiveCfg = Release|Any CPU
		{2A397D74-1559-4268-AD42-98467744A480}.Ad-Hoc|iPhoneSimulator.Build.0 = Release|Any CPU
		{2A397D74-1559-4268-AD42-98467744A480}.Ad-Hoc|iPhoneSimulator.Deploy.0 = Release|Any CPU
		{2A397D74-1559-4268-AD42-98467744A480}.Ad-Hoc|x64.ActiveCfg = Release|Any CPU
		{2A397D74-1559-4268-AD42-98467744A480}.Ad-Hoc|x64.Build.0 = Release|Any CPU
		{2A397D74-1559-4268-AD42-98467744A480}.Ad-Hoc|x64.Deploy.0 = Release|Any CPU
		{2A397D74-1559-4268-AD42-98467744A480}.Ad-Hoc|x86.ActiveCfg = Release|Any CPU
		{2A397D74-1559-4268-AD42-98467744A480}.Ad-Hoc|x86.Build.0 = Release|Any CPU
		{2A397D74-1559-4268-AD42-98467744A480}.Ad-Hoc|x86.Deploy.0 = Release|Any CPU
		{2A397D74-1559-4268-AD42-98467744A480}.AppStore|Any CPU.ActiveCfg = Release|Any CPU
		{2A397D74-1559-4268-AD42-98467744A480}.AppStore|Any CPU.Build.0 = Release|Any CPU
		{2A397D74-1559-4268-AD42-98467744A480}.AppStore|Any CPU.Deploy.0 = Release|Any CPU
		{2A397D74-1559-4268-AD42-98467744A480}.AppStore|ARM.ActiveCfg = Release|Any CPU
		{2A397D74-1559-4268-AD42-98467744A480}.AppStore|ARM.Build.0 = Release|Any CPU
		{2A397D74-1559-4268-AD42-98467744A480}.AppStore|ARM.Deploy.0 = Release|Any CPU
		{2A397D74-1559-4268-AD42-98467744A480}.AppStore|iPhone.ActiveCfg = Release|Any CPU
		{2A397D74-1559-4268-AD42-98467744A480}.AppStore|iPhone.Build.0 = Release|Any CPU
		{2A397D74-1559-4268-AD42-98467744A480}.AppStore|iPhone.Deploy.0 = Release|Any CPU
		{2A397D74-1559-4268-AD42-98467744A480}.AppStore|iPhoneSimulator.ActiveCfg = Release|Any CPU
		{2A397D74-1559-4268-AD42-98467744A480}.AppStore|iPhoneSimulator.Build.0 = Release|Any CPU
		{2A397D74-1559-4268-AD42-98467744A480}.AppStore|iPhoneSimulator.Deploy.0 = Release|Any CPU
		{2A397D74-1559-4268-AD42-98467744A480}.AppStore|x64.ActiveCfg = Release|Any CPU
		{2A397D74-1559-4268-AD42-98467744A480}.AppStore|x64.Build.0 = Release|Any CPU
		{2A397D74-1559-4268-AD42-98467744A480}.AppStore|x64.Deploy.0 = Release|Any CPU
		{2A397D74-1559-4268-AD42-98467744A480}.AppStore|x86.ActiveCfg = Release|Any CPU
		{2A397D74-1559-4268-AD42-98467744A480}.AppStore|x86.Build.0 = Release|Any CPU
		{2A397D74-1559-4268-AD42-98467744A480}.AppStore|x86.Deploy.0 = Release|Any CPU
		{2A397D74-1559-4268-AD42-98467744A480}.Debug|Any CPU.ActiveCfg = Debug|Any CPU
		{2A397D74-1559-4268-AD42-98467744A480}.Debug|Any CPU.Build.0 = Debug|Any CPU
		{2A397D74-1559-4268-AD42-98467744A480}.Debug|Any CPU.Deploy.0 = Debug|Any CPU
		{2A397D74-1559-4268-AD42-98467744A480}.Debug|ARM.ActiveCfg = Debug|Any CPU
		{2A397D74-1559-4268-AD42-98467744A480}.Debug|ARM.Build.0 = Debug|Any CPU
		{2A397D74-1559-4268-AD42-98467744A480}.Debug|ARM.Deploy.0 = Debug|Any CPU
		{2A397D74-1559-4268-AD42-98467744A480}.Debug|iPhone.ActiveCfg = Debug|Any CPU
		{2A397D74-1559-4268-AD42-98467744A480}.Debug|iPhone.Build.0 = Debug|Any CPU
		{2A397D74-1559-4268-AD42-98467744A480}.Debug|iPhone.Deploy.0 = Debug|Any CPU
		{2A397D74-1559-4268-AD42-98467744A480}.Debug|iPhoneSimulator.ActiveCfg = Debug|Any CPU
		{2A397D74-1559-4268-AD42-98467744A480}.Debug|iPhoneSimulator.Build.0 = Debug|Any CPU
		{2A397D74-1559-4268-AD42-98467744A480}.Debug|iPhoneSimulator.Deploy.0 = Debug|Any CPU
		{2A397D74-1559-4268-AD42-98467744A480}.Debug|x64.ActiveCfg = Debug|Any CPU
		{2A397D74-1559-4268-AD42-98467744A480}.Debug|x64.Build.0 = Debug|Any CPU
		{2A397D74-1559-4268-AD42-98467744A480}.Debug|x64.Deploy.0 = Debug|Any CPU
		{2A397D74-1559-4268-AD42-98467744A480}.Debug|x86.ActiveCfg = Debug|Any CPU
		{2A397D74-1559-4268-AD42-98467744A480}.Debug|x86.Build.0 = Debug|Any CPU
		{2A397D74-1559-4268-AD42-98467744A480}.Debug|x86.Deploy.0 = Debug|Any CPU
		{2A397D74-1559-4268-AD42-98467744A480}.Release|Any CPU.ActiveCfg = Release|Any CPU
		{2A397D74-1559-4268-AD42-98467744A480}.Release|Any CPU.Build.0 = Release|Any CPU
		{2A397D74-1559-4268-AD42-98467744A480}.Release|Any CPU.Deploy.0 = Release|Any CPU
		{2A397D74-1559-4268-AD42-98467744A480}.Release|ARM.ActiveCfg = Release|Any CPU
		{2A397D74-1559-4268-AD42-98467744A480}.Release|ARM.Build.0 = Release|Any CPU
		{2A397D74-1559-4268-AD42-98467744A480}.Release|ARM.Deploy.0 = Release|Any CPU
		{2A397D74-1559-4268-AD42-98467744A480}.Release|iPhone.ActiveCfg = Release|Any CPU
		{2A397D74-1559-4268-AD42-98467744A480}.Release|iPhone.Build.0 = Release|Any CPU
		{2A397D74-1559-4268-AD42-98467744A480}.Release|iPhone.Deploy.0 = Release|Any CPU
		{2A397D74-1559-4268-AD42-98467744A480}.Release|iPhoneSimulator.ActiveCfg = Release|Any CPU
		{2A397D74-1559-4268-AD42-98467744A480}.Release|iPhoneSimulator.Build.0 = Release|Any CPU
		{2A397D74-1559-4268-AD42-98467744A480}.Release|iPhoneSimulator.Deploy.0 = Release|Any CPU
		{2A397D74-1559-4268-AD42-98467744A480}.Release|x64.ActiveCfg = Release|Any CPU
		{2A397D74-1559-4268-AD42-98467744A480}.Release|x64.Build.0 = Release|Any CPU
		{2A397D74-1559-4268-AD42-98467744A480}.Release|x64.Deploy.0 = Release|Any CPU
		{2A397D74-1559-4268-AD42-98467744A480}.Release|x86.ActiveCfg = Release|Any CPU
		{2A397D74-1559-4268-AD42-98467744A480}.Release|x86.Build.0 = Release|Any CPU
		{2A397D74-1559-4268-AD42-98467744A480}.Release|x86.Deploy.0 = Release|Any CPU
	EndGlobalSection
	GlobalSection(SolutionProperties) = preSolution
		HideSolutionNode = FALSE
	EndGlobalSection
EndGlobal
